// !$*UTF8*$!
{
	archiveVersion = 1;
	classes = {
	};
	objectVersion = 50;
	objects = {

/* Begin PBXBuildFile section */
		65D1865B25D075C2008744A1 /* AppDelegate.swift in Sources */ = {isa = PBXBuildFile; fileRef = 65D1865A25D075C2008744A1 /* AppDelegate.swift */; };
		65D1865D25D075C2008744A1 /* SceneDelegate.swift in Sources */ = {isa = PBXBuildFile; fileRef = 65D1865C25D075C2008744A1 /* SceneDelegate.swift */; };
		65D1865F25D075C2008744A1 /* ViewController.swift in Sources */ = {isa = PBXBuildFile; fileRef = 65D1865E25D075C2008744A1 /* ViewController.swift */; };
		65D1866225D075C2008744A1 /* Main.storyboard in Resources */ = {isa = PBXBuildFile; fileRef = 65D1866025D075C2008744A1 /* Main.storyboard */; };
		65D1866525D075C2008744A1 /* PortfolioTracker.xcdatamodeld in Sources */ = {isa = PBXBuildFile; fileRef = 65D1866325D075C2008744A1 /* PortfolioTracker.xcdatamodeld */; };
		65D1866725D075C3008744A1 /* Assets.xcassets in Resources */ = {isa = PBXBuildFile; fileRef = 65D1866625D075C3008744A1 /* Assets.xcassets */; };
		65D1866A25D075C3008744A1 /* LaunchScreen.storyboard in Resources */ = {isa = PBXBuildFile; fileRef = 65D1866825D075C3008744A1 /* LaunchScreen.storyboard */; };
		65D1867525D075C3008744A1 /* PortfolioTrackerTests.swift in Sources */ = {isa = PBXBuildFile; fileRef = 65D1867425D075C3008744A1 /* PortfolioTrackerTests.swift */; };
		65D1868025D075C3008744A1 /* PortfolioTrackerUITests.swift in Sources */ = {isa = PBXBuildFile; fileRef = 65D1867F25D075C3008744A1 /* PortfolioTrackerUITests.swift */; };
/* End PBXBuildFile section */

/* Begin PBXContainerItemProxy section */
		65D1867125D075C3008744A1 /* PBXContainerItemProxy */ = {
			isa = PBXContainerItemProxy;
			containerPortal = 65D1864F25D075C1008744A1 /* Project object */;
			proxyType = 1;
			remoteGlobalIDString = 65D1865625D075C1008744A1;
			remoteInfo = PortfolioTracker;
		};
		65D1867C25D075C3008744A1 /* PBXContainerItemProxy */ = {
			isa = PBXContainerItemProxy;
			containerPortal = 65D1864F25D075C1008744A1 /* Project object */;
			proxyType = 1;
			remoteGlobalIDString = 65D1865625D075C1008744A1;
			remoteInfo = PortfolioTracker;
		};
/* End PBXContainerItemProxy section */

/* Begin PBXFileReference section */
		65D1865725D075C2008744A1 /* PortfolioTracker.app */ = {isa = PBXFileReference; explicitFileType = wrapper.application; includeInIndex = 0; path = PortfolioTracker.app; sourceTree = BUILT_PRODUCTS_DIR; };
		65D1865A25D075C2008744A1 /* AppDelegate.swift */ = {isa = PBXFileReference; lastKnownFileType = sourcecode.swift; path = AppDelegate.swift; sourceTree = "<group>"; };
		65D1865C25D075C2008744A1 /* SceneDelegate.swift */ = {isa = PBXFileReference; lastKnownFileType = sourcecode.swift; path = SceneDelegate.swift; sourceTree = "<group>"; };
		65D1865E25D075C2008744A1 /* ViewController.swift */ = {isa = PBXFileReference; lastKnownFileType = sourcecode.swift; path = ViewController.swift; sourceTree = "<group>"; };
		65D1866125D075C2008744A1 /* Base */ = {isa = PBXFileReference; lastKnownFileType = file.storyboard; name = Base; path = Base.lproj/Main.storyboard; sourceTree = "<group>"; };
		65D1866425D075C2008744A1 /* PortfolioTracker.xcdatamodel */ = {isa = PBXFileReference; lastKnownFileType = wrapper.xcdatamodel; path = PortfolioTracker.xcdatamodel; sourceTree = "<group>"; };
		65D1866625D075C3008744A1 /* Assets.xcassets */ = {isa = PBXFileReference; lastKnownFileType = folder.assetcatalog; path = Assets.xcassets; sourceTree = "<group>"; };
		65D1866925D075C3008744A1 /* Base */ = {isa = PBXFileReference; lastKnownFileType = file.storyboard; name = Base; path = Base.lproj/LaunchScreen.storyboard; sourceTree = "<group>"; };
		65D1866B25D075C3008744A1 /* Info.plist */ = {isa = PBXFileReference; lastKnownFileType = text.plist.xml; path = Info.plist; sourceTree = "<group>"; };
		65D1867025D075C3008744A1 /* PortfolioTrackerTests.xctest */ = {isa = PBXFileReference; explicitFileType = wrapper.cfbundle; includeInIndex = 0; path = PortfolioTrackerTests.xctest; sourceTree = BUILT_PRODUCTS_DIR; };
		65D1867425D075C3008744A1 /* PortfolioTrackerTests.swift */ = {isa = PBXFileReference; lastKnownFileType = sourcecode.swift; path = PortfolioTrackerTests.swift; sourceTree = "<group>"; };
		65D1867625D075C3008744A1 /* Info.plist */ = {isa = PBXFileReference; lastKnownFileType = text.plist.xml; path = Info.plist; sourceTree = "<group>"; };
		65D1867B25D075C3008744A1 /* PortfolioTrackerUITests.xctest */ = {isa = PBXFileReference; explicitFileType = wrapper.cfbundle; includeInIndex = 0; path = PortfolioTrackerUITests.xctest; sourceTree = BUILT_PRODUCTS_DIR; };
		65D1867F25D075C3008744A1 /* PortfolioTrackerUITests.swift */ = {isa = PBXFileReference; lastKnownFileType = sourcecode.swift; path = PortfolioTrackerUITests.swift; sourceTree = "<group>"; };
		65D1868125D075C3008744A1 /* Info.plist */ = {isa = PBXFileReference; lastKnownFileType = text.plist.xml; path = Info.plist; sourceTree = "<group>"; };
/* End PBXFileReference section */

/* Begin PBXFrameworksBuildPhase section */
		65D1865425D075C1008744A1 /* Frameworks */ = {
			isa = PBXFrameworksBuildPhase;
			buildActionMask = 2147483647;
			files = (
			);
			runOnlyForDeploymentPostprocessing = 0;
		};
		65D1866D25D075C3008744A1 /* Frameworks */ = {
			isa = PBXFrameworksBuildPhase;
			buildActionMask = 2147483647;
			files = (
			);
			runOnlyForDeploymentPostprocessing = 0;
		};
		65D1867825D075C3008744A1 /* Frameworks */ = {
			isa = PBXFrameworksBuildPhase;
			buildActionMask = 2147483647;
			files = (
			);
			runOnlyForDeploymentPostprocessing = 0;
		};
/* End PBXFrameworksBuildPhase section */

/* Begin PBXGroup section */
		65D1864E25D075C1008744A1 = {
			isa = PBXGroup;
			children = (
				65D1865925D075C2008744A1 /* PortfolioTracker */,
				65D1867325D075C3008744A1 /* PortfolioTrackerTests */,
				65D1867E25D075C3008744A1 /* PortfolioTrackerUITests */,
				65D1865825D075C2008744A1 /* Products */,
			);
			sourceTree = "<group>";
		};
		65D1865825D075C2008744A1 /* Products */ = {
			isa = PBXGroup;
			children = (
				65D1865725D075C2008744A1 /* PortfolioTracker.app */,
				65D1867025D075C3008744A1 /* PortfolioTrackerTests.xctest */,
				65D1867B25D075C3008744A1 /* PortfolioTrackerUITests.xctest */,
			);
			name = Products;
			sourceTree = "<group>";
		};
		65D1865925D075C2008744A1 /* PortfolioTracker */ = {
			isa = PBXGroup;
			children = (
				65D1865A25D075C2008744A1 /* AppDelegate.swift */,
				65D1865C25D075C2008744A1 /* SceneDelegate.swift */,
				65D1865E25D075C2008744A1 /* ViewController.swift */,
				65D1866025D075C2008744A1 /* Main.storyboard */,
				65D1866625D075C3008744A1 /* Assets.xcassets */,
				65D1866825D075C3008744A1 /* LaunchScreen.storyboard */,
				65D1866B25D075C3008744A1 /* Info.plist */,
				65D1866325D075C2008744A1 /* PortfolioTracker.xcdatamodeld */,
			);
			path = PortfolioTracker;
			sourceTree = "<group>";
		};
		65D1867325D075C3008744A1 /* PortfolioTrackerTests */ = {
			isa = PBXGroup;
			children = (
				65D1867425D075C3008744A1 /* PortfolioTrackerTests.swift */,
				65D1867625D075C3008744A1 /* Info.plist */,
			);
			path = PortfolioTrackerTests;
			sourceTree = "<group>";
		};
		65D1867E25D075C3008744A1 /* PortfolioTrackerUITests */ = {
			isa = PBXGroup;
			children = (
				65D1867F25D075C3008744A1 /* PortfolioTrackerUITests.swift */,
				65D1868125D075C3008744A1 /* Info.plist */,
			);
			path = PortfolioTrackerUITests;
			sourceTree = "<group>";
		};
/* End PBXGroup section */

/* Begin PBXNativeTarget section */
		65D1865625D075C1008744A1 /* PortfolioTracker */ = {
			isa = PBXNativeTarget;
			buildConfigurationList = 65D1868425D075C3008744A1 /* Build configuration list for PBXNativeTarget "PortfolioTracker" */;
			buildPhases = (
				65D1865325D075C1008744A1 /* Sources */,
				65D1865425D075C1008744A1 /* Frameworks */,
				65D1865525D075C1008744A1 /* Resources */,
			);
			buildRules = (
			);
			dependencies = (
			);
			name = PortfolioTracker;
			productName = PortfolioTracker;
			productReference = 65D1865725D075C2008744A1 /* PortfolioTracker.app */;
			productType = "com.apple.product-type.application";
		};
		65D1866F25D075C3008744A1 /* PortfolioTrackerTests */ = {
			isa = PBXNativeTarget;
			buildConfigurationList = 65D1868725D075C3008744A1 /* Build configuration list for PBXNativeTarget "PortfolioTrackerTests" */;
			buildPhases = (
				65D1866C25D075C3008744A1 /* Sources */,
				65D1866D25D075C3008744A1 /* Frameworks */,
				65D1866E25D075C3008744A1 /* Resources */,
			);
			buildRules = (
			);
			dependencies = (
				65D1867225D075C3008744A1 /* PBXTargetDependency */,
			);
			name = PortfolioTrackerTests;
			productName = PortfolioTrackerTests;
			productReference = 65D1867025D075C3008744A1 /* PortfolioTrackerTests.xctest */;
			productType = "com.apple.product-type.bundle.unit-test";
		};
		65D1867A25D075C3008744A1 /* PortfolioTrackerUITests */ = {
			isa = PBXNativeTarget;
			buildConfigurationList = 65D1868A25D075C3008744A1 /* Build configuration list for PBXNativeTarget "PortfolioTrackerUITests" */;
			buildPhases = (
				65D1867725D075C3008744A1 /* Sources */,
				65D1867825D075C3008744A1 /* Frameworks */,
				65D1867925D075C3008744A1 /* Resources */,
			);
			buildRules = (
			);
			dependencies = (
				65D1867D25D075C3008744A1 /* PBXTargetDependency */,
			);
			name = PortfolioTrackerUITests;
			productName = PortfolioTrackerUITests;
			productReference = 65D1867B25D075C3008744A1 /* PortfolioTrackerUITests.xctest */;
			productType = "com.apple.product-type.bundle.ui-testing";
		};
/* End PBXNativeTarget section */

/* Begin PBXProject section */
		65D1864F25D075C1008744A1 /* Project object */ = {
			isa = PBXProject;
			attributes = {
				LastSwiftUpdateCheck = 1230;
				LastUpgradeCheck = 1230;
				TargetAttributes = {
					65D1865625D075C1008744A1 = {
						CreatedOnToolsVersion = 12.3;
					};
					65D1866F25D075C3008744A1 = {
						CreatedOnToolsVersion = 12.3;
						TestTargetID = 65D1865625D075C1008744A1;
					};
					65D1867A25D075C3008744A1 = {
						CreatedOnToolsVersion = 12.3;
						TestTargetID = 65D1865625D075C1008744A1;
					};
				};
			};
			buildConfigurationList = 65D1865225D075C1008744A1 /* Build configuration list for PBXProject "PortfolioTracker" */;
			compatibilityVersion = "Xcode 9.3";
			developmentRegion = en;
			hasScannedForEncodings = 0;
			knownRegions = (
				en,
				Base,
			);
			mainGroup = 65D1864E25D075C1008744A1;
			productRefGroup = 65D1865825D075C2008744A1 /* Products */;
			projectDirPath = "";
			projectRoot = "";
			targets = (
				65D1865625D075C1008744A1 /* PortfolioTracker */,
				65D1866F25D075C3008744A1 /* PortfolioTrackerTests */,
				65D1867A25D075C3008744A1 /* PortfolioTrackerUITests */,
			);
		};
/* End PBXProject section */

/* Begin PBXResourcesBuildPhase section */
		65D1865525D075C1008744A1 /* Resources */ = {
			isa = PBXResourcesBuildPhase;
			buildActionMask = 2147483647;
			files = (
				65D1866A25D075C3008744A1 /* LaunchScreen.storyboard in Resources */,
				65D1866725D075C3008744A1 /* Assets.xcassets in Resources */,
				65D1866225D075C2008744A1 /* Main.storyboard in Resources */,
			);
			runOnlyForDeploymentPostprocessing = 0;
		};
		65D1866E25D075C3008744A1 /* Resources */ = {
			isa = PBXResourcesBuildPhase;
			buildActionMask = 2147483647;
			files = (
			);
			runOnlyForDeploymentPostprocessing = 0;
		};
		65D1867925D075C3008744A1 /* Resources */ = {
			isa = PBXResourcesBuildPhase;
			buildActionMask = 2147483647;
			files = (
			);
			runOnlyForDeploymentPostprocessing = 0;
		};
/* End PBXResourcesBuildPhase section */

/* Begin PBXSourcesBuildPhase section */
		65D1865325D075C1008744A1 /* Sources */ = {
			isa = PBXSourcesBuildPhase;
			buildActionMask = 2147483647;
			files = (
				65D1865F25D075C2008744A1 /* ViewController.swift in Sources */,
				65D1865B25D075C2008744A1 /* AppDelegate.swift in Sources */,
				65D1865D25D075C2008744A1 /* SceneDelegate.swift in Sources */,
				65D1866525D075C2008744A1 /* PortfolioTracker.xcdatamodeld in Sources */,
			);
			runOnlyForDeploymentPostprocessing = 0;
		};
		65D1866C25D075C3008744A1 /* Sources */ = {
			isa = PBXSourcesBuildPhase;
			buildActionMask = 2147483647;
			files = (
				65D1867525D075C3008744A1 /* PortfolioTrackerTests.swift in Sources */,
			);
			runOnlyForDeploymentPostprocessing = 0;
		};
		65D1867725D075C3008744A1 /* Sources */ = {
			isa = PBXSourcesBuildPhase;
			buildActionMask = 2147483647;
			files = (
				65D1868025D075C3008744A1 /* PortfolioTrackerUITests.swift in Sources */,
			);
			runOnlyForDeploymentPostprocessing = 0;
		};
/* End PBXSourcesBuildPhase section */

/* Begin PBXTargetDependency section */
		65D1867225D075C3008744A1 /* PBXTargetDependency */ = {
			isa = PBXTargetDependency;
			target = 65D1865625D075C1008744A1 /* PortfolioTracker */;
			targetProxy = 65D1867125D075C3008744A1 /* PBXContainerItemProxy */;
		};
		65D1867D25D075C3008744A1 /* PBXTargetDependency */ = {
			isa = PBXTargetDependency;
			target = 65D1865625D075C1008744A1 /* PortfolioTracker */;
			targetProxy = 65D1867C25D075C3008744A1 /* PBXContainerItemProxy */;
		};
/* End PBXTargetDependency section */

/* Begin PBXVariantGroup section */
		65D1866025D075C2008744A1 /* Main.storyboard */ = {
			isa = PBXVariantGroup;
			children = (
				65D1866125D075C2008744A1 /* Base */,
			);
			name = Main.storyboard;
			sourceTree = "<group>";
		};
		65D1866825D075C3008744A1 /* LaunchScreen.storyboard */ = {
			isa = PBXVariantGroup;
			children = (
				65D1866925D075C3008744A1 /* Base */,
			);
			name = LaunchScreen.storyboard;
			sourceTree = "<group>";
		};
/* End PBXVariantGroup section */

/* Begin XCBuildConfiguration section */
		65D1868225D075C3008744A1 /* Debug */ = {
			isa = XCBuildConfiguration;
			buildSettings = {
				ALWAYS_SEARCH_USER_PATHS = NO;
				CLANG_ANALYZER_NONNULL = YES;
				CLANG_ANALYZER_NUMBER_OBJECT_CONVERSION = YES_AGGRESSIVE;
				CLANG_CXX_LANGUAGE_STANDARD = "gnu++14";
				CLANG_CXX_LIBRARY = "libc++";
				CLANG_ENABLE_MODULES = YES;
				CLANG_ENABLE_OBJC_ARC = YES;
				CLANG_ENABLE_OBJC_WEAK = YES;
				CLANG_WARN_BLOCK_CAPTURE_AUTORELEASING = YES;
				CLANG_WARN_BOOL_CONVERSION = YES;
				CLANG_WARN_COMMA = YES;
				CLANG_WARN_CONSTANT_CONVERSION = YES;
				CLANG_WARN_DEPRECATED_OBJC_IMPLEMENTATIONS = YES;
				CLANG_WARN_DIRECT_OBJC_ISA_USAGE = YES_ERROR;
				CLANG_WARN_DOCUMENTATION_COMMENTS = YES;
				CLANG_WARN_EMPTY_BODY = YES;
				CLANG_WARN_ENUM_CONVERSION = YES;
				CLANG_WARN_INFINITE_RECURSION = YES;
				CLANG_WARN_INT_CONVERSION = YES;
				CLANG_WARN_NON_LITERAL_NULL_CONVERSION = YES;
				CLANG_WARN_OBJC_IMPLICIT_RETAIN_SELF = YES;
				CLANG_WARN_OBJC_LITERAL_CONVERSION = YES;
				CLANG_WARN_OBJC_ROOT_CLASS = YES_ERROR;
				CLANG_WARN_QUOTED_INCLUDE_IN_FRAMEWORK_HEADER = YES;
				CLANG_WARN_RANGE_LOOP_ANALYSIS = YES;
				CLANG_WARN_STRICT_PROTOTYPES = YES;
				CLANG_WARN_SUSPICIOUS_MOVE = YES;
				CLANG_WARN_UNGUARDED_AVAILABILITY = YES_AGGRESSIVE;
				CLANG_WARN_UNREACHABLE_CODE = YES;
				CLANG_WARN__DUPLICATE_METHOD_MATCH = YES;
				COPY_PHASE_STRIP = NO;
				DEBUG_INFORMATION_FORMAT = dwarf;
				ENABLE_STRICT_OBJC_MSGSEND = YES;
				ENABLE_TESTABILITY = YES;
				GCC_C_LANGUAGE_STANDARD = gnu11;
				GCC_DYNAMIC_NO_PIC = NO;
				GCC_NO_COMMON_BLOCKS = YES;
				GCC_OPTIMIZATION_LEVEL = 0;
				GCC_PREPROCESSOR_DEFINITIONS = (
					"DEBUG=1",
					"$(inherited)",
				);
				GCC_WARN_64_TO_32_BIT_CONVERSION = YES;
				GCC_WARN_ABOUT_RETURN_TYPE = YES_ERROR;
				GCC_WARN_UNDECLARED_SELECTOR = YES;
				GCC_WARN_UNINITIALIZED_AUTOS = YES_AGGRESSIVE;
				GCC_WARN_UNUSED_FUNCTION = YES;
				GCC_WARN_UNUSED_VARIABLE = YES;
				IPHONEOS_DEPLOYMENT_TARGET = 14.3;
				MTL_ENABLE_DEBUG_INFO = INCLUDE_SOURCE;
				MTL_FAST_MATH = YES;
				ONLY_ACTIVE_ARCH = YES;
				SDKROOT = iphoneos;
				SWIFT_ACTIVE_COMPILATION_CONDITIONS = DEBUG;
				SWIFT_OPTIMIZATION_LEVEL = "-Onone";
			};
			name = Debug;
		};
		65D1868325D075C3008744A1 /* Release */ = {
			isa = XCBuildConfiguration;
			buildSettings = {
				ALWAYS_SEARCH_USER_PATHS = NO;
				CLANG_ANALYZER_NONNULL = YES;
				CLANG_ANALYZER_NUMBER_OBJECT_CONVERSION = YES_AGGRESSIVE;
				CLANG_CXX_LANGUAGE_STANDARD = "gnu++14";
				CLANG_CXX_LIBRARY = "libc++";
				CLANG_ENABLE_MODULES = YES;
				CLANG_ENABLE_OBJC_ARC = YES;
				CLANG_ENABLE_OBJC_WEAK = YES;
				CLANG_WARN_BLOCK_CAPTURE_AUTORELEASING = YES;
				CLANG_WARN_BOOL_CONVERSION = YES;
				CLANG_WARN_COMMA = YES;
				CLANG_WARN_CONSTANT_CONVERSION = YES;
				CLANG_WARN_DEPRECATED_OBJC_IMPLEMENTATIONS = YES;
				CLANG_WARN_DIRECT_OBJC_ISA_USAGE = YES_ERROR;
				CLANG_WARN_DOCUMENTATION_COMMENTS = YES;
				CLANG_WARN_EMPTY_BODY = YES;
				CLANG_WARN_ENUM_CONVERSION = YES;
				CLANG_WARN_INFINITE_RECURSION = YES;
				CLANG_WARN_INT_CONVERSION = YES;
				CLANG_WARN_NON_LITERAL_NULL_CONVERSION = YES;
				CLANG_WARN_OBJC_IMPLICIT_RETAIN_SELF = YES;
				CLANG_WARN_OBJC_LITERAL_CONVERSION = YES;
				CLANG_WARN_OBJC_ROOT_CLASS = YES_ERROR;
				CLANG_WARN_QUOTED_INCLUDE_IN_FRAMEWORK_HEADER = YES;
				CLANG_WARN_RANGE_LOOP_ANALYSIS = YES;
				CLANG_WARN_STRICT_PROTOTYPES = YES;
				CLANG_WARN_SUSPICIOUS_MOVE = YES;
				CLANG_WARN_UNGUARDED_AVAILABILITY = YES_AGGRESSIVE;
				CLANG_WARN_UNREACHABLE_CODE = YES;
				CLANG_WARN__DUPLICATE_METHOD_MATCH = YES;
				COPY_PHASE_STRIP = NO;
				DEBUG_INFORMATION_FORMAT = "dwarf-with-dsym";
				ENABLE_NS_ASSERTIONS = NO;
				ENABLE_STRICT_OBJC_MSGSEND = YES;
				GCC_C_LANGUAGE_STANDARD = gnu11;
				GCC_NO_COMMON_BLOCKS = YES;
				GCC_WARN_64_TO_32_BIT_CONVERSION = YES;
				GCC_WARN_ABOUT_RETURN_TYPE = YES_ERROR;
				GCC_WARN_UNDECLARED_SELECTOR = YES;
				GCC_WARN_UNINITIALIZED_AUTOS = YES_AGGRESSIVE;
				GCC_WARN_UNUSED_FUNCTION = YES;
				GCC_WARN_UNUSED_VARIABLE = YES;
				IPHONEOS_DEPLOYMENT_TARGET = 14.3;
				MTL_ENABLE_DEBUG_INFO = NO;
				MTL_FAST_MATH = YES;
				SDKROOT = iphoneos;
				SWIFT_COMPILATION_MODE = wholemodule;
				SWIFT_OPTIMIZATION_LEVEL = "-O";
				VALIDATE_PRODUCT = YES;
			};
			name = Release;
		};
		65D1868525D075C3008744A1 /* Debug */ = {
			isa = XCBuildConfiguration;
			buildSettings = {
				ASSETCATALOG_COMPILER_APPICON_NAME = AppIcon;
				ASSETCATALOG_COMPILER_GLOBAL_ACCENT_COLOR_NAME = AccentColor;
				CODE_SIGN_STYLE = Automatic;
				DEVELOPMENT_TEAM = 26LV76TZ6M;
				INFOPLIST_FILE = PortfolioTracker/Info.plist;
				LD_RUNPATH_SEARCH_PATHS = (
					"$(inherited)",
					"@executable_path/Frameworks",
				);
				PRODUCT_BUNDLE_IDENTIFIER = SHStudios.PortfolioTracker;
				PRODUCT_NAME = "$(TARGET_NAME)";
				SWIFT_VERSION = 5.0;
				TARGETED_DEVICE_FAMILY = "1,2";
			};
			name = Debug;
		};
		65D1868625D075C3008744A1 /* Release */ = {
			isa = XCBuildConfiguration;
			buildSettings = {
				ASSETCATALOG_COMPILER_APPICON_NAME = AppIcon;
				ASSETCATALOG_COMPILER_GLOBAL_ACCENT_COLOR_NAME = AccentColor;
				CODE_SIGN_STYLE = Automatic;
				DEVELOPMENT_TEAM = 26LV76TZ6M;
				INFOPLIST_FILE = PortfolioTracker/Info.plist;
				LD_RUNPATH_SEARCH_PATHS = (
					"$(inherited)",
					"@executable_path/Frameworks",
				);
				PRODUCT_BUNDLE_IDENTIFIER = SHStudios.PortfolioTracker;
				PRODUCT_NAME = "$(TARGET_NAME)";
				SWIFT_VERSION = 5.0;
				TARGETED_DEVICE_FAMILY = "1,2";
			};
			name = Release;
		};
		65D1868825D075C3008744A1 /* Debug */ = {
			isa = XCBuildConfiguration;
			buildSettings = {
				ALWAYS_EMBED_SWIFT_STANDARD_LIBRARIES = YES;
				BUNDLE_LOADER = "$(TEST_HOST)";
				CODE_SIGN_STYLE = Automatic;
				DEVELOPMENT_TEAM = 26LV76TZ6M;
				INFOPLIST_FILE = PortfolioTrackerTests/Info.plist;
				IPHONEOS_DEPLOYMENT_TARGET = 14.3;
				LD_RUNPATH_SEARCH_PATHS = (
					"$(inherited)",
					"@executable_path/Frameworks",
					"@loader_path/Frameworks",
				);
				PRODUCT_BUNDLE_IDENTIFIER = SHStudios.PortfolioTrackerTests;
				PRODUCT_NAME = "$(TARGET_NAME)";
				SWIFT_VERSION = 5.0;
				TARGETED_DEVICE_FAMILY = "1,2";
				TEST_HOST = "$(BUILT_PRODUCTS_DIR)/PortfolioTracker.app/PortfolioTracker";
			};
			name = Debug;
		};
		65D1868925D075C3008744A1 /* Release */ = {
			isa = XCBuildConfiguration;
			buildSettings = {
				ALWAYS_EMBED_SWIFT_STANDARD_LIBRARIES = YES;
				BUNDLE_LOADER = "$(TEST_HOST)";
				CODE_SIGN_STYLE = Automatic;
				DEVELOPMENT_TEAM = 26LV76TZ6M;
				INFOPLIST_FILE = PortfolioTrackerTests/Info.plist;
				IPHONEOS_DEPLOYMENT_TARGET = 14.3;
				LD_RUNPATH_SEARCH_PATHS = (
					"$(inherited)",
					"@executable_path/Frameworks",
					"@loader_path/Frameworks",
				);
				PRODUCT_BUNDLE_IDENTIFIER = SHStudios.PortfolioTrackerTests;
				PRODUCT_NAME = "$(TARGET_NAME)";
				SWIFT_VERSION = 5.0;
				TARGETED_DEVICE_FAMILY = "1,2";
				TEST_HOST = "$(BUILT_PRODUCTS_DIR)/PortfolioTracker.app/PortfolioTracker";
			};
			name = Release;
		};
		65D1868B25D075C3008744A1 /* Debug */ = {
			isa = XCBuildConfiguration;
			buildSettings = {
				ALWAYS_EMBED_SWIFT_STANDARD_LIBRARIES = YES;
				CODE_SIGN_STYLE = Automatic;
				DEVELOPMENT_TEAM = 26LV76TZ6M;
				INFOPLIST_FILE = PortfolioTrackerUITests/Info.plist;
				LD_RUNPATH_SEARCH_PATHS = (
					"$(inherited)",
					"@executable_path/Frameworks",
					"@loader_path/Frameworks",
				);
				PRODUCT_BUNDLE_IDENTIFIER = SHStudios.PortfolioTrackerUITests;
				PRODUCT_NAME = "$(TARGET_NAME)";
				SWIFT_VERSION = 5.0;
				TARGETED_DEVICE_FAMILY = "1,2";
				TEST_TARGET_NAME = PortfolioTracker;
			};
			name = Debug;
		};
		65D1868C25D075C3008744A1 /* Release */ = {
			isa = XCBuildConfiguration;
			buildSettings = {
				ALWAYS_EMBED_SWIFT_STANDARD_LIBRARIES = YES;
				CODE_SIGN_STYLE = Automatic;
				DEVELOPMENT_TEAM = 26LV76TZ6M;
				INFOPLIST_FILE = PortfolioTrackerUITests/Info.plist;
				LD_RUNPATH_SEARCH_PATHS = (
					"$(inherited)",
					"@executable_path/Frameworks",
					"@loader_path/Frameworks",
				);
				PRODUCT_BUNDLE_IDENTIFIER = SHStudios.PortfolioTrackerUITests;
				PRODUCT_NAME = "$(TARGET_NAME)";
				SWIFT_VERSION = 5.0;
				TARGETED_DEVICE_FAMILY = "1,2";
				TEST_TARGET_NAME = PortfolioTracker;
			};
			name = Release;
		};
/* End XCBuildConfiguration section */

/* Begin XCConfigurationList section */
		65D1865225D075C1008744A1 /* Build configuration list for PBXProject "PortfolioTracker" */ = {
			isa = XCConfigurationList;
			buildConfigurations = (
				65D1868225D075C3008744A1 /* Debug */,
				65D1868325D075C3008744A1 /* Release */,
			);
			defaultConfigurationIsVisible = 0;
			defaultConfigurationName = Release;
		};
		65D1868425D075C3008744A1 /* Build configuration list for PBXNativeTarget "PortfolioTracker" */ = {
			isa = XCConfigurationList;
			buildConfigurations = (
				65D1868525D075C3008744A1 /* Debug */,
				65D1868625D075C3008744A1 /* Release */,
			);
			defaultConfigurationIsVisible = 0;
			defaultConfigurationName = Release;
		};
		65D1868725D075C3008744A1 /* Build configuration list for PBXNativeTarget "PortfolioTrackerTests" */ = {
			isa = XCConfigurationList;
			buildConfigurations = (
				65D1868825D075C3008744A1 /* Debug */,
				65D1868925D075C3008744A1 /* Release */,
			);
			defaultConfigurationIsVisible = 0;
			defaultConfigurationName = Release;
		};
		65D1868A25D075C3008744A1 /* Build configuration list for PBXNativeTarget "PortfolioTrackerUITests" */ = {
			isa = XCConfigurationList;
			buildConfigurations = (
				65D1868B25D075C3008744A1 /* Debug */,
				65D1868C25D075C3008744A1 /* Release */,
			);
			defaultConfigurationIsVisible = 0;
			defaultConfigurationName = Release;
		};
/* End XCConfigurationList section */

/* Begin XCVersionGroup section */
		65D1866325D075C2008744A1 /* PortfolioTracker.xcdatamodeld */ = {
			isa = XCVersionGroup;
			children = (
				65D1866425D075C2008744A1 /* PortfolioTracker.xcdatamodel */,
			);
			currentVersion = 65D1866425D075C2008744A1 /* PortfolioTracker.xcdatamodel */;
			path = PortfolioTracker.xcdatamodeld;
			sourceTree = "<group>";
			versionGroupType = wrapper.xcdatamodel;
		};
/* End XCVersionGroup section */
	};
	rootObject = 65D1864F25D075C1008744A1 /* Project object */;
}
